{
  "version": 4,
  "terraform_version": "1.6.4",
  "serial": 5,
  "lineage": "d90710b9-4f3c-0b44-bd49-f0ecbe36b4dc",
  "outputs": {},
  "resources": [
    {
      "mode": "managed",
      "type": "github_repository",
      "name": "example",
      "provider": "provider[\"registry.terraform.io/hashicorp/github\"]",
      "instances": [
        {
          "schema_version": 1,
          "attributes": {
            "allow_auto_merge": false,
            "allow_merge_commit": true,
            "allow_rebase_merge": true,
            "allow_squash_merge": true,
            "allow_update_branch": false,
            "archive_on_destroy": null,
            "archived": false,
            "auto_init": true,
            "default_branch": "main",
            "delete_branch_on_merge": false,
            "description": "My terraform test repository",
            "etag": "W/\"470aeeffa3e7994166d6c3e4b9f1a8f78d0307b942e257a6ff313e5e5748e2b6\"",
            "full_name": "MohanNalgire/test_repo_from_terraform",
            "git_clone_url": "git://github.com/MohanNalgire/test_repo_from_terraform.git",
            "gitignore_template": null,
            "has_discussions": false,
            "has_downloads": false,
            "has_issues": false,
            "has_projects": false,
            "has_wiki": false,
            "homepage_url": "",
            "html_url": "https://github.com/MohanNalgire/test_repo_from_terraform",
            "http_clone_url": "https://github.com/MohanNalgire/test_repo_from_terraform.git",
            "id": "test_repo_from_terraform",
            "ignore_vulnerability_alerts_during_read": null,
            "is_template": false,
            "license_template": null,
            "merge_commit_message": "PR_TITLE",
            "merge_commit_title": "MERGE_MESSAGE",
            "name": "test_repo_from_terraform",
            "node_id": "R_kgDOK8cx8w",
            "pages": [],
            "primary_language": "",
            "private": false,
            "repo_id": 734474739,
            "security_and_analysis": [
              {
                "advanced_security": [],
                "secret_scanning": [
                  {
                    "status": "disabled"
                  }
                ],
                "secret_scanning_push_protection": [
                  {
                    "status": "disabled"
                  }
                ]
              }
            ],
            "squash_merge_commit_message": "COMMIT_MESSAGES",
            "squash_merge_commit_title": "COMMIT_OR_PR_TITLE",
            "ssh_clone_url": "git@github.com:MohanNalgire/test_repo_from_terraform.git",
            "svn_url": "https://github.com/MohanNalgire/test_repo_from_terraform",
            "template": [],
            "topics": [],
            "visibility": "public",
            "vulnerability_alerts": false
          },
          "sensitive_attributes": [],
          "private": "eyJzY2hlbWFfdmVyc2lvbiI6IjEifQ=="
        }
      ]
    },
    {
      "mode": "managed",
      "type": "github_repository",
      "name": "example1",
      "provider": "provider[\"registry.terraform.io/hashicorp/github\"]",
      "instances": [
        {
          "schema_version": 1,
          "attributes": {
            "allow_auto_merge": false,
            "allow_merge_commit": true,
            "allow_rebase_merge": true,
            "allow_squash_merge": true,
            "allow_update_branch": false,
            "archive_on_destroy": null,
            "archived": false,
            "auto_init": true,
            "default_branch": "main",
            "delete_branch_on_merge": false,
            "description": "My terraform test repository",
            "etag": "W/\"43633162ceeece0e241b03844a5342b489541b652ece5030cd21692bff56470b\"",
            "full_name": "MohanNalgire/test_repo_from_terraform_1",
            "git_clone_url": "git://github.com/MohanNalgire/test_repo_from_terraform_1.git",
            "gitignore_template": null,
            "has_discussions": false,
            "has_downloads": false,
            "has_issues": false,
            "has_projects": false,
            "has_wiki": false,
            "homepage_url": "",
            "html_url": "https://github.com/MohanNalgire/test_repo_from_terraform_1",
            "http_clone_url": "https://github.com/MohanNalgire/test_repo_from_terraform_1.git",
            "id": "test_repo_from_terraform_1",
            "ignore_vulnerability_alerts_during_read": null,
            "is_template": false,
            "license_template": null,
            "merge_commit_message": "PR_TITLE",
            "merge_commit_title": "MERGE_MESSAGE",
            "name": "test_repo_from_terraform_1",
            "node_id": "R_kgDOK8c8WQ",
            "pages": [],
            "primary_language": "",
            "private": false,
            "repo_id": 734477401,
            "security_and_analysis": [
              {
                "advanced_security": [],
                "secret_scanning": [
                  {
                    "status": "disabled"
                  }
                ],
                "secret_scanning_push_protection": [
                  {
                    "status": "disabled"
                  }
                ]
              }
            ],
            "squash_merge_commit_message": "COMMIT_MESSAGES",
            "squash_merge_commit_title": "COMMIT_OR_PR_TITLE",
            "ssh_clone_url": "git@github.com:MohanNalgire/test_repo_from_terraform_1.git",
            "svn_url": "https://github.com/MohanNalgire/test_repo_from_terraform_1",
            "template": [],
            "topics": [],
            "visibility": "public",
            "vulnerability_alerts": true
          },
          "sensitive_attributes": [],
          "private": "eyJzY2hlbWFfdmVyc2lvbiI6IjEifQ=="
        }
      ]
    },
    {
      "mode": "managed",
      "type": "github_repository",
      "name": "example2",
      "provider": "provider[\"registry.terraform.io/hashicorp/github\"]",
      "instances": [
        {
          "schema_version": 1,
          "attributes": {
            "allow_auto_merge": false,
            "allow_merge_commit": true,
            "allow_rebase_merge": true,
            "allow_squash_merge": true,
            "allow_update_branch": false,
            "archive_on_destroy": null,
            "archived": false,
            "auto_init": true,
            "default_branch": "main",
            "delete_branch_on_merge": false,
            "description": "My terraform test repository",
            "etag": "W/\"f92156b35e922bd5ad7529b0d039126b7d48d636221849f7ad32499d1a0fb043\"",
            "full_name": "MohanNalgire/test_repo_from_terraform_2",
            "git_clone_url": "git://github.com/MohanNalgire/test_repo_from_terraform_2.git",
            "gitignore_template": null,
            "has_discussions": false,
            "has_downloads": false,
            "has_issues": false,
            "has_projects": false,
            "has_wiki": false,
            "homepage_url": "",
            "html_url": "https://github.com/MohanNalgire/test_repo_from_terraform_2",
            "http_clone_url": "https://github.com/MohanNalgire/test_repo_from_terraform_2.git",
            "id": "test_repo_from_terraform_2",
            "ignore_vulnerability_alerts_during_read": null,
            "is_template": false,
            "license_template": null,
            "merge_commit_message": "PR_TITLE",
            "merge_commit_title": "MERGE_MESSAGE",
            "name": "test_repo_from_terraform_2",
            "node_id": "R_kgDOK8c8TQ",
            "pages": [],
            "primary_language": "",
            "private": false,
            "repo_id": 734477389,
            "security_and_analysis": [
              {
                "advanced_security": [],
                "secret_scanning": [
                  {
                    "status": "disabled"
                  }
                ],
                "secret_scanning_push_protection": [
                  {
                    "status": "disabled"
                  }
                ]
              }
            ],
            "squash_merge_commit_message": "COMMIT_MESSAGES",
            "squash_merge_commit_title": "COMMIT_OR_PR_TITLE",
            "ssh_clone_url": "git@github.com:MohanNalgire/test_repo_from_terraform_2.git",
            "svn_url": "https://github.com/MohanNalgire/test_repo_from_terraform_2",
            "template": [],
            "topics": [],
            "visibility": "public",
            "vulnerability_alerts": true
          },
          "sensitive_attributes": [],
          "private": "eyJzY2hlbWFfdmVyc2lvbiI6IjEifQ=="
        }
      ]
    }
  ],
  "check_results": null
}
